// !$*UTF8*$!
{
	archiveVersion = 1;
	classes = {
	};
	objectVersion = 56;
	objects = {

/* Begin PBXBuildFile section */
		56C06DC3D534C671FDBCA4E2 /* Pods_EasyMacro.framework in Frameworks */ = {isa = PBXBuildFile; fileRef = F373415B30324F144B5C4A33 /* Pods_EasyMacro.framework */; };
		C60A1F4029BF28CB0061F3BC /* AppDelegate.swift in Sources */ = {isa = PBXBuildFile; fileRef = C60A1F3F29BF28CB0061F3BC /* AppDelegate.swift */; };
		C60A1F4229BF28CB0061F3BC /* SceneDelegate.swift in Sources */ = {isa = PBXBuildFile; fileRef = C60A1F4129BF28CB0061F3BC /* SceneDelegate.swift */; };
		C60A1F4429BF28CB0061F3BC /* WelcomeViewController.swift in Sources */ = {isa = PBXBuildFile; fileRef = C60A1F4329BF28CB0061F3BC /* WelcomeViewController.swift */; };
		C60A1F4729BF28CB0061F3BC /* Main.storyboard in Resources */ = {isa = PBXBuildFile; fileRef = C60A1F4529BF28CB0061F3BC /* Main.storyboard */; };
		C60A1F4929BF28CE0061F3BC /* Assets.xcassets in Resources */ = {isa = PBXBuildFile; fileRef = C60A1F4829BF28CE0061F3BC /* Assets.xcassets */; };
		C60A1F4C29BF28CE0061F3BC /* LaunchScreen.storyboard in Resources */ = {isa = PBXBuildFile; fileRef = C60A1F4A29BF28CE0061F3BC /* LaunchScreen.storyboard */; };
		C60A1F5429BF33D10061F3BC /* Pacifico.ttf in Resources */ = {isa = PBXBuildFile; fileRef = C60A1F5329BF33D10061F3BC /* Pacifico.ttf */; };
		C60A1F5729BF357A0061F3BC /* Constants.swift in Sources */ = {isa = PBXBuildFile; fileRef = C60A1F5629BF357A0061F3BC /* Constants.swift */; };
		C60A1F5D29BF37F70061F3BC /* Jost-Bold.ttf in Resources */ = {isa = PBXBuildFile; fileRef = C60A1F5A29BF37F70061F3BC /* Jost-Bold.ttf */; };
		C60A1F5E29BF37F70061F3BC /* Jost-Light.ttf in Resources */ = {isa = PBXBuildFile; fileRef = C60A1F5B29BF37F70061F3BC /* Jost-Light.ttf */; };
		C60A1F5F29BF37F70061F3BC /* Jost-SemiBold.ttf in Resources */ = {isa = PBXBuildFile; fileRef = C60A1F5C29BF37F70061F3BC /* Jost-SemiBold.ttf */; };
		C665CD8A29D199E30050CD57 /* SportsViewController.swift in Sources */ = {isa = PBXBuildFile; fileRef = C665CD8929D199E30050CD57 /* SportsViewController.swift */; };
		C665CD8C29D1E99B0050CD57 /* GoalsViewController.swift in Sources */ = {isa = PBXBuildFile; fileRef = C665CD8B29D1E99B0050CD57 /* GoalsViewController.swift */; };
		C665CD8E29D1ECEA0050CD57 /* ResultsViewController.swift in Sources */ = {isa = PBXBuildFile; fileRef = C665CD8D29D1ECEA0050CD57 /* ResultsViewController.swift */; };
		C665CD9029D1EF680050CD57 /* GenderViewController.swift in Sources */ = {isa = PBXBuildFile; fileRef = C665CD8F29D1EF680050CD57 /* GenderViewController.swift */; };
		C665CD9229D1F4E30050CD57 /* CalculatorMacro.swift in Sources */ = {isa = PBXBuildFile; fileRef = C665CD9129D1F4E30050CD57 /* CalculatorMacro.swift */; };
		C665CD9429D1FB830050CD57 /* UserChoices.swift in Sources */ = {isa = PBXBuildFile; fileRef = C665CD9329D1FB830050CD57 /* UserChoices.swift */; };
		C67D3DEB29C1BD8A00DECB3A /* WeightViewController.swift in Sources */ = {isa = PBXBuildFile; fileRef = C67D3DEA29C1BD8A00DECB3A /* WeightViewController.swift */; };
		C6808A7C29D4347C005E7D91 /* Test.swift in Sources */ = {isa = PBXBuildFile; fileRef = C6808A7B29D4347C005E7D91 /* Test.swift */; };
		C682DBF729C1EC7700B41A0E /* ActivityLevelViewController.swift in Sources */ = {isa = PBXBuildFile; fileRef = C682DBF629C1EC7700B41A0E /* ActivityLevelViewController.swift */; };
		C682DBF929C1FE3500B41A0E /* Visual.swift in Sources */ = {isa = PBXBuildFile; fileRef = C682DBF829C1FE3500B41A0E /* Visual.swift */; };
		C6836FDF29D721ED006CF57D /* PreferencesViewController.swift in Sources */ = {isa = PBXBuildFile; fileRef = C6836FDE29D721ED006CF57D /* PreferencesViewController.swift */; };
/* End PBXBuildFile section */

/* Begin PBXFileReference section */
		0E94C634D7E0E0AC910BB390 /* Pods-EasyMacro.debug.xcconfig */ = {isa = PBXFileReference; includeInIndex = 1; lastKnownFileType = text.xcconfig; name = "Pods-EasyMacro.debug.xcconfig"; path = "Target Support Files/Pods-EasyMacro/Pods-EasyMacro.debug.xcconfig"; sourceTree = "<group>"; };
		C60A1F3C29BF28CB0061F3BC /* EasyMacro.app */ = {isa = PBXFileReference; explicitFileType = wrapper.application; includeInIndex = 0; path = EasyMacro.app; sourceTree = BUILT_PRODUCTS_DIR; };
		C60A1F3F29BF28CB0061F3BC /* AppDelegate.swift */ = {isa = PBXFileReference; lastKnownFileType = sourcecode.swift; path = AppDelegate.swift; sourceTree = "<group>"; };
		C60A1F4129BF28CB0061F3BC /* SceneDelegate.swift */ = {isa = PBXFileReference; lastKnownFileType = sourcecode.swift; path = SceneDelegate.swift; sourceTree = "<group>"; };
		C60A1F4329BF28CB0061F3BC /* WelcomeViewController.swift */ = {isa = PBXFileReference; lastKnownFileType = sourcecode.swift; path = WelcomeViewController.swift; sourceTree = "<group>"; };
		C60A1F4629BF28CB0061F3BC /* Base */ = {isa = PBXFileReference; lastKnownFileType = file.storyboard; name = Base; path = Base.lproj/Main.storyboard; sourceTree = "<group>"; };
		C60A1F4829BF28CE0061F3BC /* Assets.xcassets */ = {isa = PBXFileReference; lastKnownFileType = folder.assetcatalog; path = Assets.xcassets; sourceTree = "<group>"; };
		C60A1F4B29BF28CE0061F3BC /* Base */ = {isa = PBXFileReference; lastKnownFileType = file.storyboard; name = Base; path = Base.lproj/LaunchScreen.storyboard; sourceTree = "<group>"; };
		C60A1F4D29BF28CE0061F3BC /* Info.plist */ = {isa = PBXFileReference; lastKnownFileType = text.plist.xml; path = Info.plist; sourceTree = "<group>"; };
		C60A1F5329BF33D10061F3BC /* Pacifico.ttf */ = {isa = PBXFileReference; lastKnownFileType = file; path = Pacifico.ttf; sourceTree = "<group>"; };
		C60A1F5629BF357A0061F3BC /* Constants.swift */ = {isa = PBXFileReference; lastKnownFileType = sourcecode.swift; path = Constants.swift; sourceTree = "<group>"; };
		C60A1F5A29BF37F70061F3BC /* Jost-Bold.ttf */ = {isa = PBXFileReference; lastKnownFileType = file; path = "Jost-Bold.ttf"; sourceTree = "<group>"; };
		C60A1F5B29BF37F70061F3BC /* Jost-Light.ttf */ = {isa = PBXFileReference; lastKnownFileType = file; path = "Jost-Light.ttf"; sourceTree = "<group>"; };
		C60A1F5C29BF37F70061F3BC /* Jost-SemiBold.ttf */ = {isa = PBXFileReference; lastKnownFileType = file; path = "Jost-SemiBold.ttf"; sourceTree = "<group>"; };
		C665CD8929D199E30050CD57 /* SportsViewController.swift */ = {isa = PBXFileReference; lastKnownFileType = sourcecode.swift; path = SportsViewController.swift; sourceTree = "<group>"; };
		C665CD8B29D1E99B0050CD57 /* GoalsViewController.swift */ = {isa = PBXFileReference; lastKnownFileType = sourcecode.swift; path = GoalsViewController.swift; sourceTree = "<group>"; };
		C665CD8D29D1ECEA0050CD57 /* ResultsViewController.swift */ = {isa = PBXFileReference; lastKnownFileType = sourcecode.swift; path = ResultsViewController.swift; sourceTree = "<group>"; };
		C665CD8F29D1EF680050CD57 /* GenderViewController.swift */ = {isa = PBXFileReference; lastKnownFileType = sourcecode.swift; path = GenderViewController.swift; sourceTree = "<group>"; };
		C665CD9129D1F4E30050CD57 /* CalculatorMacro.swift */ = {isa = PBXFileReference; lastKnownFileType = sourcecode.swift; path = CalculatorMacro.swift; sourceTree = "<group>"; };
		C665CD9329D1FB830050CD57 /* UserChoices.swift */ = {isa = PBXFileReference; lastKnownFileType = sourcecode.swift; path = UserChoices.swift; sourceTree = "<group>"; };
		C67D3DEA29C1BD8A00DECB3A /* WeightViewController.swift */ = {isa = PBXFileReference; lastKnownFileType = sourcecode.swift; path = WeightViewController.swift; sourceTree = "<group>"; };
		C6808A7B29D4347C005E7D91 /* Test.swift */ = {isa = PBXFileReference; lastKnownFileType = sourcecode.swift; path = Test.swift; sourceTree = "<group>"; };
		C682DBF629C1EC7700B41A0E /* ActivityLevelViewController.swift */ = {isa = PBXFileReference; lastKnownFileType = sourcecode.swift; path = ActivityLevelViewController.swift; sourceTree = "<group>"; };
		C682DBF829C1FE3500B41A0E /* Visual.swift */ = {isa = PBXFileReference; lastKnownFileType = sourcecode.swift; path = Visual.swift; sourceTree = "<group>"; };
		C6836FDE29D721ED006CF57D /* PreferencesViewController.swift */ = {isa = PBXFileReference; lastKnownFileType = sourcecode.swift; path = PreferencesViewController.swift; sourceTree = "<group>"; };
		D88983949B59038357AAEE2C /* Pods-EasyMacro.release.xcconfig */ = {isa = PBXFileReference; includeInIndex = 1; lastKnownFileType = text.xcconfig; name = "Pods-EasyMacro.release.xcconfig"; path = "Target Support Files/Pods-EasyMacro/Pods-EasyMacro.release.xcconfig"; sourceTree = "<group>"; };
		F373415B30324F144B5C4A33 /* Pods_EasyMacro.framework */ = {isa = PBXFileReference; explicitFileType = wrapper.framework; includeInIndex = 0; path = Pods_EasyMacro.framework; sourceTree = BUILT_PRODUCTS_DIR; };
/* End PBXFileReference section */

/* Begin PBXFrameworksBuildPhase section */
		C60A1F3929BF28CB0061F3BC /* Frameworks */ = {
			isa = PBXFrameworksBuildPhase;
			buildActionMask = 2147483647;
			files = (
				56C06DC3D534C671FDBCA4E2 /* Pods_EasyMacro.framework in Frameworks */,
			);
			runOnlyForDeploymentPostprocessing = 0;
		};
/* End PBXFrameworksBuildPhase section */

/* Begin PBXGroup section */
		AC33340CB6A7969505715117 /* Pods */ = {
			isa = PBXGroup;
			children = (
				0E94C634D7E0E0AC910BB390 /* Pods-EasyMacro.debug.xcconfig */,
				D88983949B59038357AAEE2C /* Pods-EasyMacro.release.xcconfig */,
			);
			name = Pods;
			path = Pods;
			sourceTree = "<group>";
		};
		C60A1F3329BF28CB0061F3BC = {
			isa = PBXGroup;
			children = (
				C60A1F3E29BF28CB0061F3BC /* EasyMacro */,
				C60A1F3D29BF28CB0061F3BC /* Products */,
				AC33340CB6A7969505715117 /* Pods */,
				EC5B63E32547C022FA021A75 /* Frameworks */,
			);
			sourceTree = "<group>";
		};
		C60A1F3D29BF28CB0061F3BC /* Products */ = {
			isa = PBXGroup;
			children = (
				C60A1F3C29BF28CB0061F3BC /* EasyMacro.app */,
			);
			name = Products;
			sourceTree = "<group>";
		};
		C60A1F3E29BF28CB0061F3BC /* EasyMacro */ = {
			isa = PBXGroup;
			children = (
				C60A1F3F29BF28CB0061F3BC /* AppDelegate.swift */,
				C60A1F4129BF28CB0061F3BC /* SceneDelegate.swift */,
				C682DBFA29C1FE3B00B41A0E /* Model */,
				C60A1F5929BF36110061F3BC /* Views */,
				C60A1F5829BF35FD0061F3BC /* Controllers */,
				C60A1F4829BF28CE0061F3BC /* Assets.xcassets */,
				C60A1F4A29BF28CE0061F3BC /* LaunchScreen.storyboard */,
				C60A1F4D29BF28CE0061F3BC /* Info.plist */,
				C60A1F5629BF357A0061F3BC /* Constants.swift */,
				C60A1F5529BF33DB0061F3BC /* Fonts */,
			);
			path = EasyMacro;
			sourceTree = "<group>";
		};
		C60A1F5529BF33DB0061F3BC /* Fonts */ = {
			isa = PBXGroup;
			children = (
				C60A1F5329BF33D10061F3BC /* Pacifico.ttf */,
				C60A1F5A29BF37F70061F3BC /* Jost-Bold.ttf */,
				C60A1F5B29BF37F70061F3BC /* Jost-Light.ttf */,
				C60A1F5C29BF37F70061F3BC /* Jost-SemiBold.ttf */,
			);
			path = Fonts;
			sourceTree = "<group>";
		};
		C60A1F5829BF35FD0061F3BC /* Controllers */ = {
			isa = PBXGroup;
			children = (
				C60A1F4329BF28CB0061F3BC /* WelcomeViewController.swift */,
				C665CD8F29D1EF680050CD57 /* GenderViewController.swift */,
				C67D3DEA29C1BD8A00DECB3A /* WeightViewController.swift */,
				C682DBF629C1EC7700B41A0E /* ActivityLevelViewController.swift */,
				C665CD8929D199E30050CD57 /* SportsViewController.swift */,
				C665CD8B29D1E99B0050CD57 /* GoalsViewController.swift */,
				C6836FDE29D721ED006CF57D /* PreferencesViewController.swift */,
				C665CD8D29D1ECEA0050CD57 /* ResultsViewController.swift */,
			);
			path = Controllers;
			sourceTree = "<group>";
		};
		C60A1F5929BF36110061F3BC /* Views */ = {
			isa = PBXGroup;
			children = (
				C60A1F4529BF28CB0061F3BC /* Main.storyboard */,
			);
			path = Views;
			sourceTree = "<group>";
		};
		C682DBFA29C1FE3B00B41A0E /* Model */ = {
			isa = PBXGroup;
			children = (
				C682DBF829C1FE3500B41A0E /* Visual.swift */,
				C665CD9129D1F4E30050CD57 /* CalculatorMacro.swift */,
				C665CD9329D1FB830050CD57 /* UserChoices.swift */,
				C6808A7B29D4347C005E7D91 /* Test.swift */,
			);
			path = Model;
			sourceTree = "<group>";
		};
		EC5B63E32547C022FA021A75 /* Frameworks */ = {
			isa = PBXGroup;
			children = (
				F373415B30324F144B5C4A33 /* Pods_EasyMacro.framework */,
			);
			name = Frameworks;
			sourceTree = "<group>";
		};
/* End PBXGroup section */

/* Begin PBXNativeTarget section */
		C60A1F3B29BF28CB0061F3BC /* EasyMacro */ = {
			isa = PBXNativeTarget;
			buildConfigurationList = C60A1F5029BF28CE0061F3BC /* Build configuration list for PBXNativeTarget "EasyMacro" */;
			buildPhases = (
				1F292CDD80A9313FC0FC3A00 /* [CP] Check Pods Manifest.lock */,
				C60A1F3829BF28CB0061F3BC /* Sources */,
				C60A1F3929BF28CB0061F3BC /* Frameworks */,
				C60A1F3A29BF28CB0061F3BC /* Resources */,
				223412B1CB9AD3B8DEFE46E8 /* [CP] Embed Pods Frameworks */,
			);
			buildRules = (
			);
			dependencies = (
			);
			name = EasyMacro;
			productName = EasyMacro;
			productReference = C60A1F3C29BF28CB0061F3BC /* EasyMacro.app */;
			productType = "com.apple.product-type.application";
		};
/* End PBXNativeTarget section */

/* Begin PBXProject section */
		C60A1F3429BF28CB0061F3BC /* Project object */ = {
			isa = PBXProject;
			attributes = {
				BuildIndependentTargetsInParallel = 1;
				LastSwiftUpdateCheck = 1420;
				LastUpgradeCheck = 1420;
				TargetAttributes = {
					C60A1F3B29BF28CB0061F3BC = {
						CreatedOnToolsVersion = 14.2;
					};
				};
			};
			buildConfigurationList = C60A1F3729BF28CB0061F3BC /* Build configuration list for PBXProject "EasyMacro" */;
			compatibilityVersion = "Xcode 14.0";
			developmentRegion = en;
			hasScannedForEncodings = 0;
			knownRegions = (
				en,
				Base,
			);
			mainGroup = C60A1F3329BF28CB0061F3BC;
			productRefGroup = C60A1F3D29BF28CB0061F3BC /* Products */;
			projectDirPath = "";
			projectRoot = "";
			targets = (
				C60A1F3B29BF28CB0061F3BC /* EasyMacro */,
			);
		};
/* End PBXProject section */

/* Begin PBXResourcesBuildPhase section */
		C60A1F3A29BF28CB0061F3BC /* Resources */ = {
			isa = PBXResourcesBuildPhase;
			buildActionMask = 2147483647;
			files = (
				C60A1F4C29BF28CE0061F3BC /* LaunchScreen.storyboard in Resources */,
				C60A1F4929BF28CE0061F3BC /* Assets.xcassets in Resources */,
				C60A1F5D29BF37F70061F3BC /* Jost-Bold.ttf in Resources */,
				C60A1F5E29BF37F70061F3BC /* Jost-Light.ttf in Resources */,
				C60A1F5429BF33D10061F3BC /* Pacifico.ttf in Resources */,
				C60A1F4729BF28CB0061F3BC /* Main.storyboard in Resources */,
				C60A1F5F29BF37F70061F3BC /* Jost-SemiBold.ttf in Resources */,
			);
			runOnlyForDeploymentPostprocessing = 0;
		};
/* End PBXResourcesBuildPhase section */

/* Begin PBXShellScriptBuildPhase section */
		1F292CDD80A9313FC0FC3A00 /* [CP] Check Pods Manifest.lock */ = {
			isa = PBXShellScriptBuildPhase;
			buildActionMask = 2147483647;
			files = (
			);
			inputFileListPaths = (
			);
			inputPaths = (
				"${PODS_PODFILE_DIR_PATH}/Podfile.lock",
				"${PODS_ROOT}/Manifest.lock",
			);
			name = "[CP] Check Pods Manifest.lock";
			outputFileListPaths = (
			);
			outputPaths = (
				"$(DERIVED_FILE_DIR)/Pods-EasyMacro-checkManifestLockResult.txt",
			);
			runOnlyForDeploymentPostprocessing = 0;
			shellPath = /bin/sh;
			shellScript = "diff \"${PODS_PODFILE_DIR_PATH}/Podfile.lock\" \"${PODS_ROOT}/Manifest.lock\" > /dev/null\nif [ $? != 0 ] ; then\n    # print error to STDERR\n    echo \"error: The sandbox is not in sync with the Podfile.lock. Run 'pod install' or update your CocoaPods installation.\" >&2\n    exit 1\nfi\n# This output is used by Xcode 'outputs' to avoid re-running this script phase.\necho \"SUCCESS\" > \"${SCRIPT_OUTPUT_FILE_0}\"\n";
			showEnvVarsInLog = 0;
		};
		223412B1CB9AD3B8DEFE46E8 /* [CP] Embed Pods Frameworks */ = {
			isa = PBXShellScriptBuildPhase;
			buildActionMask = 2147483647;
			files = (
			);
			inputFileListPaths = (
				"${PODS_ROOT}/Target Support Files/Pods-EasyMacro/Pods-EasyMacro-frameworks-${CONFIGURATION}-input-files.xcfilelist",
			);
			name = "[CP] Embed Pods Frameworks";
			outputFileListPaths = (
				"${PODS_ROOT}/Target Support Files/Pods-EasyMacro/Pods-EasyMacro-frameworks-${CONFIGURATION}-output-files.xcfilelist",
			);
			runOnlyForDeploymentPostprocessing = 0;
			shellPath = /bin/sh;
			shellScript = "\"${PODS_ROOT}/Target Support Files/Pods-EasyMacro/Pods-EasyMacro-frameworks.sh\"\n";
			showEnvVarsInLog = 0;
		};
/* End PBXShellScriptBuildPhase section */

/* Begin PBXSourcesBuildPhase section */
		C60A1F3829BF28CB0061F3BC /* Sources */ = {
			isa = PBXSourcesBuildPhase;
			buildActionMask = 2147483647;
			files = (
				C60A1F4429BF28CB0061F3BC /* WelcomeViewController.swift in Sources */,
				C682DBF929C1FE3500B41A0E /* Visual.swift in Sources */,
				C682DBF729C1EC7700B41A0E /* ActivityLevelViewController.swift in Sources */,
				C6836FDF29D721ED006CF57D /* PreferencesViewController.swift in Sources */,
				C6808A7C29D4347C005E7D91 /* Test.swift in Sources */,
				C665CD8E29D1ECEA0050CD57 /* ResultsViewController.swift in Sources */,
				C665CD9229D1F4E30050CD57 /* CalculatorMacro.swift in Sources */,
				C665CD9429D1FB830050CD57 /* UserChoices.swift in Sources */,
				C60A1F5729BF357A0061F3BC /* Constants.swift in Sources */,
				C60A1F4029BF28CB0061F3BC /* AppDelegate.swift in Sources */,
				C665CD9029D1EF680050CD57 /* GenderViewController.swift in Sources */,
				C60A1F4229BF28CB0061F3BC /* SceneDelegate.swift in Sources */,
				C67D3DEB29C1BD8A00DECB3A /* WeightViewController.swift in Sources */,
				C665CD8A29D199E30050CD57 /* SportsViewController.swift in Sources */,
				C665CD8C29D1E99B0050CD57 /* GoalsViewController.swift in Sources */,
			);
			runOnlyForDeploymentPostprocessing = 0;
		};
/* End PBXSourcesBuildPhase section */

/* Begin PBXVariantGroup section */
		C60A1F4529BF28CB0061F3BC /* Main.storyboard */ = {
			isa = PBXVariantGroup;
			children = (
				C60A1F4629BF28CB0061F3BC /* Base */,
			);
			name = Main.storyboard;
			sourceTree = "<group>";
		};
		C60A1F4A29BF28CE0061F3BC /* LaunchScreen.storyboard */ = {
			isa = PBXVariantGroup;
			children = (
				C60A1F4B29BF28CE0061F3BC /* Base */,
			);
			name = LaunchScreen.storyboard;
			sourceTree = "<group>";
		};
/* End PBXVariantGroup section */

/* Begin XCBuildConfiguration section */
		C60A1F4E29BF28CE0061F3BC /* Debug */ = {
			isa = XCBuildConfiguration;
			buildSettings = {
				ALWAYS_SEARCH_USER_PATHS = NO;
				CLANG_ANALYZER_NONNULL = YES;
				CLANG_ANALYZER_NUMBER_OBJECT_CONVERSION = YES_AGGRESSIVE;
				CLANG_CXX_LANGUAGE_STANDARD = "gnu++20";
				CLANG_ENABLE_MODULES = YES;
				CLANG_ENABLE_OBJC_ARC = YES;
				CLANG_ENABLE_OBJC_WEAK = YES;
				CLANG_WARN_BLOCK_CAPTURE_AUTORELEASING = YES;
				CLANG_WARN_BOOL_CONVERSION = YES;
				CLANG_WARN_COMMA = YES;
				CLANG_WARN_CONSTANT_CONVERSION = YES;
				CLANG_WARN_DEPRECATED_OBJC_IMPLEMENTATIONS = YES;
				CLANG_WARN_DIRECT_OBJC_ISA_USAGE = YES_ERROR;
				CLANG_WARN_DOCUMENTATION_COMMENTS = YES;
				CLANG_WARN_EMPTY_BODY = YES;
				CLANG_WARN_ENUM_CONVERSION = YES;
				CLANG_WARN_INFINITE_RECURSION = YES;
				CLANG_WARN_INT_CONVERSION = YES;
				CLANG_WARN_NON_LITERAL_NULL_CONVERSION = YES;
				CLANG_WARN_OBJC_IMPLICIT_RETAIN_SELF = YES;
				CLANG_WARN_OBJC_LITERAL_CONVERSION = YES;
				CLANG_WARN_OBJC_ROOT_CLASS = YES_ERROR;
				CLANG_WARN_QUOTED_INCLUDE_IN_FRAMEWORK_HEADER = YES;
				CLANG_WARN_RANGE_LOOP_ANALYSIS = YES;
				CLANG_WARN_STRICT_PROTOTYPES = YES;
				CLANG_WARN_SUSPICIOUS_MOVE = YES;
				CLANG_WARN_UNGUARDED_AVAILABILITY = YES_AGGRESSIVE;
				CLANG_WARN_UNREACHABLE_CODE = YES;
				CLANG_WARN__DUPLICATE_METHOD_MATCH = YES;
				COPY_PHASE_STRIP = NO;
				DEBUG_INFORMATION_FORMAT = dwarf;
				ENABLE_STRICT_OBJC_MSGSEND = YES;
				ENABLE_TESTABILITY = YES;
				GCC_C_LANGUAGE_STANDARD = gnu11;
				GCC_DYNAMIC_NO_PIC = NO;
				GCC_NO_COMMON_BLOCKS = YES;
				GCC_OPTIMIZATION_LEVEL = 0;
				GCC_PREPROCESSOR_DEFINITIONS = (
					"DEBUG=1",
					"$(inherited)",
				);
				GCC_WARN_64_TO_32_BIT_CONVERSION = YES;
				GCC_WARN_ABOUT_RETURN_TYPE = YES_ERROR;
				GCC_WARN_UNDECLARED_SELECTOR = YES;
				GCC_WARN_UNINITIALIZED_AUTOS = YES_AGGRESSIVE;
				GCC_WARN_UNUSED_FUNCTION = YES;
				GCC_WARN_UNUSED_VARIABLE = YES;
				IPHONEOS_DEPLOYMENT_TARGET = 16.2;
				MTL_ENABLE_DEBUG_INFO = INCLUDE_SOURCE;
				MTL_FAST_MATH = YES;
				ONLY_ACTIVE_ARCH = YES;
				SDKROOT = iphoneos;
				SWIFT_ACTIVE_COMPILATION_CONDITIONS = DEBUG;
				SWIFT_OPTIMIZATION_LEVEL = "-Onone";
			};
			name = Debug;
		};
		C60A1F4F29BF28CE0061F3BC /* Release */ = {
			isa = XCBuildConfiguration;
			buildSettings = {
				ALWAYS_SEARCH_USER_PATHS = NO;
				CLANG_ANALYZER_NONNULL = YES;
				CLANG_ANALYZER_NUMBER_OBJECT_CONVERSION = YES_AGGRESSIVE;
				CLANG_CXX_LANGUAGE_STANDARD = "gnu++20";
				CLANG_ENABLE_MODULES = YES;
				CLANG_ENABLE_OBJC_ARC = YES;
				CLANG_ENABLE_OBJC_WEAK = YES;
				CLANG_WARN_BLOCK_CAPTURE_AUTORELEASING = YES;
				CLANG_WARN_BOOL_CONVERSION = YES;
				CLANG_WARN_COMMA = YES;
				CLANG_WARN_CONSTANT_CONVERSION = YES;
				CLANG_WARN_DEPRECATED_OBJC_IMPLEMENTATIONS = YES;
				CLANG_WARN_DIRECT_OBJC_ISA_USAGE = YES_ERROR;
				CLANG_WARN_DOCUMENTATION_COMMENTS = YES;
				CLANG_WARN_EMPTY_BODY = YES;
				CLANG_WARN_ENUM_CONVERSION = YES;
				CLANG_WARN_INFINITE_RECURSION = YES;
				CLANG_WARN_INT_CONVERSION = YES;
				CLANG_WARN_NON_LITERAL_NULL_CONVERSION = YES;
				CLANG_WARN_OBJC_IMPLICIT_RETAIN_SELF = YES;
				CLANG_WARN_OBJC_LITERAL_CONVERSION = YES;
				CLANG_WARN_OBJC_ROOT_CLASS = YES_ERROR;
				CLANG_WARN_QUOTED_INCLUDE_IN_FRAMEWORK_HEADER = YES;
				CLANG_WARN_RANGE_LOOP_ANALYSIS = YES;
				CLANG_WARN_STRICT_PROTOTYPES = YES;
				CLANG_WARN_SUSPICIOUS_MOVE = YES;
				CLANG_WARN_UNGUARDED_AVAILABILITY = YES_AGGRESSIVE;
				CLANG_WARN_UNREACHABLE_CODE = YES;
				CLANG_WARN__DUPLICATE_METHOD_MATCH = YES;
				COPY_PHASE_STRIP = NO;
				DEBUG_INFORMATION_FORMAT = "dwarf-with-dsym";
				ENABLE_NS_ASSERTIONS = NO;
				ENABLE_STRICT_OBJC_MSGSEND = YES;
				GCC_C_LANGUAGE_STANDARD = gnu11;
				GCC_NO_COMMON_BLOCKS = YES;
				GCC_WARN_64_TO_32_BIT_CONVERSION = YES;
				GCC_WARN_ABOUT_RETURN_TYPE = YES_ERROR;
				GCC_WARN_UNDECLARED_SELECTOR = YES;
				GCC_WARN_UNINITIALIZED_AUTOS = YES_AGGRESSIVE;
				GCC_WARN_UNUSED_FUNCTION = YES;
				GCC_WARN_UNUSED_VARIABLE = YES;
				IPHONEOS_DEPLOYMENT_TARGET = 16.2;
				MTL_ENABLE_DEBUG_INFO = NO;
				MTL_FAST_MATH = YES;
				SDKROOT = iphoneos;
				SWIFT_COMPILATION_MODE = wholemodule;
				SWIFT_OPTIMIZATION_LEVEL = "-O";
				VALIDATE_PRODUCT = YES;
			};
			name = Release;
		};
		C60A1F5129BF28CE0061F3BC /* Debug */ = {
			isa = XCBuildConfiguration;
			baseConfigurationReference = 0E94C634D7E0E0AC910BB390 /* Pods-EasyMacro.debug.xcconfig */;
			buildSettings = {
				ASSETCATALOG_COMPILER_APPICON_NAME = AppIcon;
				ASSETCATALOG_COMPILER_GLOBAL_ACCENT_COLOR_NAME = AccentColor;
				CODE_SIGN_STYLE = Automatic;
				CURRENT_PROJECT_VERSION = 1;
				DEVELOPMENT_TEAM = BGM7MLY8F7;
				GENERATE_INFOPLIST_FILE = YES;
				INFOPLIST_FILE = EasyMacro/Info.plist;
				INFOPLIST_KEY_UIApplicationSupportsIndirectInputEvents = YES;
				INFOPLIST_KEY_UILaunchStoryboardName = LaunchScreen;
				INFOPLIST_KEY_UIMainStoryboardFile = Main;
				INFOPLIST_KEY_UISupportedInterfaceOrientations_iPad = "UIInterfaceOrientationPortrait UIInterfaceOrientationPortraitUpsideDown UIInterfaceOrientationLandscapeLeft UIInterfaceOrientationLandscapeRight";
				INFOPLIST_KEY_UISupportedInterfaceOrientations_iPhone = "UIInterfaceOrientationPortrait UIInterfaceOrientationLandscapeLeft UIInterfaceOrientationLandscapeRight";
				LD_RUNPATH_SEARCH_PATHS = (
					"$(inherited)",
					"@executable_path/Frameworks",
				);
				MARKETING_VERSION = 1.0;
				PRODUCT_BUNDLE_IDENTIFIER = com.angelaterao.EasyMacro;
				PRODUCT_NAME = "$(TARGET_NAME)";
				SWIFT_EMIT_LOC_STRINGS = YES;
				SWIFT_VERSION = 5.0;
				TARGETED_DEVICE_FAMILY = "1,2";
			};
			name = Debug;
		};
		C60A1F5229BF28CE0061F3BC /* Release */ = {
			isa = XCBuildConfiguration;
			baseConfigurationReference = D88983949B59038357AAEE2C /* Pods-EasyMacro.release.xcconfig */;
			buildSettings = {
				ASSETCATALOG_COMPILER_APPICON_NAME = AppIcon;
				ASSETCATALOG_COMPILER_GLOBAL_ACCENT_COLOR_NAME = AccentColor;
				CODE_SIGN_STYLE = Automatic;
				CURRENT_PROJECT_VERSION = 1;
				DEVELOPMENT_TEAM = BGM7MLY8F7;
				GENERATE_INFOPLIST_FILE = YES;
				INFOPLIST_FILE = EasyMacro/Info.plist;
				INFOPLIST_KEY_UIApplicationSupportsIndirectInputEvents = YES;
				INFOPLIST_KEY_UILaunchStoryboardName = LaunchScreen;
				INFOPLIST_KEY_UIMainStoryboardFile = Main;
				INFOPLIST_KEY_UISupportedInterfaceOrientations_iPad = "UIInterfaceOrientationPortrait UIInterfaceOrientationPortraitUpsideDown UIInterfaceOrientationLandscapeLeft UIInterfaceOrientationLandscapeRight";
				INFOPLIST_KEY_UISupportedInterfaceOrientations_iPhone = "UIInterfaceOrientationPortrait UIInterfaceOrientationLandscapeLeft UIInterfaceOrientationLandscapeRight";
				LD_RUNPATH_SEARCH_PATHS = (
					"$(inherited)",
					"@executable_path/Frameworks",
				);
				MARKETING_VERSION = 1.0;
				PRODUCT_BUNDLE_IDENTIFIER = com.angelaterao.EasyMacro;
				PRODUCT_NAME = "$(TARGET_NAME)";
				SWIFT_EMIT_LOC_STRINGS = YES;
				SWIFT_VERSION = 5.0;
				TARGETED_DEVICE_FAMILY = "1,2";
			};
			name = Release;
		};
/* End XCBuildConfiguration section */

/* Begin XCConfigurationList section */
		C60A1F3729BF28CB0061F3BC /* Build configuration list for PBXProject "EasyMacro" */ = {
			isa = XCConfigurationList;
			buildConfigurations = (
				C60A1F4E29BF28CE0061F3BC /* Debug */,
				C60A1F4F29BF28CE0061F3BC /* Release */,
			);
			defaultConfigurationIsVisible = 0;
			defaultConfigurationName = Release;
		};
		C60A1F5029BF28CE0061F3BC /* Build configuration list for PBXNativeTarget "EasyMacro" */ = {
			isa = XCConfigurationList;
			buildConfigurations = (
				C60A1F5129BF28CE0061F3BC /* Debug */,
				C60A1F5229BF28CE0061F3BC /* Release */,
			);
			defaultConfigurationIsVisible = 0;
			defaultConfigurationName = Release;
		};
/* End XCConfigurationList section */
	};
	rootObject = C60A1F3429BF28CB0061F3BC /* Project object */;
}
